
Microsoft Visual Studio Solution File, Format Version 12.00
# Visual Studio Version 16
VisualStudioVersion = 25.0.1703.3
MinimumVisualStudioVersion = 10.0.40219.1
Project("{FAE04EC0-301F-11D3-BF4B-00C04F79EFBC}") = "OperatorExercise", "OperatorExercise\OperatorExercise.csproj", "{1944A90F-7D4D-4AF6-97D2-F1C2CD75BECA}"
EndProject
Global
	GlobalSection(SolutionConfigurationPlatforms) = preSolution
		Debug|Any CPU = Debug|Any CPU
		Release|Any CPU = Release|Any CPU
	EndGlobalSection
	GlobalSection(ProjectConfigurationPlatforms) = postSolution
		{1944A90F-7D4D-4AF6-97D2-F1C2CD75BECA}.Debug|Any CPU.ActiveCfg = Debug|Any CPU
		{1944A90F-7D4D-4AF6-97D2-F1C2CD75BECA}.Debug|Any CPU.Build.0 = Debug|Any CPU
		{1944A90F-7D4D-4AF6-97D2-F1C2CD75BECA}.Release|Any CPU.ActiveCfg = Release|Any CPU
		{1944A90F-7D4D-4AF6-97D2-F1C2CD75BECA}.Release|Any CPU.Build.0 = Release|Any CPU
	EndGlobalSection
	GlobalSection(SolutionProperties) = preSolution
		HideSolutionNode = FALSE
	EndGlobalSection
	GlobalSection(ExtensibilityGlobals) = postSolution
		SolutionGuid = {F97FD604-A347-426C-A670-4A4CC947C3C0}
	EndGlobalSection
EndGlobal
